
Microsoft Visual Studio Solution File, Format Version 12.00
# Visual Studio Version 17
VisualStudioVersion = 17.14.37314.3 d17.14
MinimumVisualStudioVersion = 10.0.40219.1
Project("{FAE04EC0-301F-11D3-BF4B-00C04F79EFBC}") = "First-Prj", "First-Prj.csproj", "{A1517D27-387F-455A-ABD6-F1416D085C1B}"
EndProject
Global
	GlobalSection(SolutionConfigurationPlatforms) = preSolution
		Debug|Any CPU = Debug|Any CPU
		Release|Any CPU = Release|Any CPU
	EndGlobalSection
	GlobalSection(ProjectConfigurationPlatforms) = postSolution
		{A1517D27-387F-455A-ABD6-F1416D085C1B}.Debug|Any CPU.ActiveCfg = Debug|Any CPU
		{A1517D27-387F-455A-ABD6-F1416D085C1B}.Debug|Any CPU.Build.0 = Debug|Any CPU
		{A1517D27-387F-455A-ABD6-F1416D085C1B}.Release|Any CPU.ActiveCfg = Release|Any CPU
		{A1517D27-387F-455A-ABD6-F1416D085C1B}.Release|Any CPU.Build.0 = Release|Any CPU
	EndGlobalSection
	GlobalSection(SolutionProperties) = preSolution
		HideSolutionNode = FALSE
	EndGlobalSection
	GlobalSection(ExtensibilityGlobals) = postSolution
		SolutionGuid = {1DD87CD6-9E15-4C67-9920-F5BCFCC0F1F4}
	EndGlobalSection
EndGlobal
